
Microsoft Visual Studio Solution File, Format Version 12.00
# Visual Studio Version 17
VisualStudioVersion = 17.5.33502.453
MinimumVisualStudioVersion = 10.0.40219.1
Project("{FAE04EC0-301F-11D3-BF4B-00C04F79EFBC}") = "CaddyClone", "CaddyClone.csproj", "{DA2E1E06-3300-42DE-BAC8-236399933B0D}"
EndProject
Global
	GlobalSection(SolutionConfigurationPlatforms) = preSolution
		Debug|Any CPU = Debug|Any CPU
		Release|Any CPU = Release|Any CPU
	EndGlobalSection
	GlobalSection(ProjectConfigurationPlatforms) = postSolution
		{DA2E1E06-3300-42DE-BAC8-236399933B0D}.Debug|Any CPU.ActiveCfg = Debug|Any CPU
		{DA2E1E06-3300-42DE-BAC8-236399933B0D}.Debug|Any CPU.Build.0 = Debug|Any CPU
		{DA2E1E06-3300-42DE-BAC8-236399933B0D}.Release|Any CPU.ActiveCfg = Release|Any CPU
		{DA2E1E06-3300-42DE-BAC8-236399933B0D}.Release|Any CPU.Build.0 = Release|Any CPU
	EndGlobalSection
	GlobalSection(SolutionProperties) = preSolution
		HideSolutionNode = FALSE
	EndGlobalSection
	GlobalSection(ExtensibilityGlobals) = postSolution
		SolutionGuid = {6E9935E0-1D22-4812-B4B8-6F12C94C2D2D}
	EndGlobalSection
EndGlobal
